<Solution>
  <Folder Name="/src/" />
  <Folder Name="/src/Api/">
    <Project Path="src/Api/SamorodinkaTech.Mnemonios.Api.csproj" />
  </Folder>
  <Folder Name="/src/Common/">
    <Project Path="src/Common/SamorodinkaTech.Mnemonios.Common.csproj" />
  </Folder>
  <Folder Name="/src/Domain/">
    <Project Path="src/Domain/SamorodinkaTech.Mnemonios.Domain.csproj" />
  </Folder>
  <Folder Name="/src/Infrastructure/">
    <Project Path="src/Infrastructure/SamorodinkaTech.Mnemonios.Infrastructure.csproj" />
  </Folder>
  <Folder Name="/src/Worker/">
    <Project Path="src/Worker/SamorodinkaTech.Mnemonios.Worker.csproj" />
  </Folder>
  <Folder Name="/tests/" />
  <Folder Name="/tests/Integration/">
    <Project Path="tests/Integration/SamorodinkaTech.Mnemonios.IntegrationTests.csproj" />
  </Folder>
  <Folder Name="/tests/Unit/">
    <Project Path="tests/Unit/SamorodinkaTech.Mnemonios.UnitTests.csproj" />
  </Folder>
</Solution>
